# Pinned validation dependencies; native bridges are platform-specific.
alembic==1.19.2
altgraph==0.17.5
backports.tarfile==1.2.0
build==1.2.2.post1
cloudpickle==3.1.2
colorlog==6.12.0
iniconfig==2.3.0
joblib==1.6.0
macholib==1.16.4; sys_platform == "darwin"
Mako==1.4.1
MarkupSafe==3.0.3
mypy==1.15.0
mypy_extensions==1.1.0
numpy==2.2.4
optuna==4.2.1
packaging==26.3
pillow==11.1.0
pip==24.0
pluggy==1.6.0
psutil==7.0.0
pyinstaller==6.12.0
pyinstaller-hooks-contrib==2026.7
pyobjc-core==12.2.2; sys_platform == "darwin"
pyobjc-framework-Cocoa==11.0; sys_platform == "darwin"
pyobjc-framework-Quartz==11.0; sys_platform == "darwin"
pyproject_hooks==1.2.0
PySide6==6.8.3
PySide6_Addons==6.8.3
PySide6_Essentials==6.8.3
pytest==8.3.5
pytest-qt==4.4.0
PyYAML==6.0.3
ruff==0.11.2
scikit-learn==1.6.1
scipy==1.17.1
setuptools==75.8.2
shiboken6==6.8.3
SQLAlchemy==2.0.52
threadpoolctl==3.6.0
tqdm==4.70.0
typing_extensions==4.16.0
wheel==0.45.1
greenlet==3.5.5
playwright==1.51.0
pyee==12.1.1
